// !$*UTF8*$!
{
	archiveVersion = 1;
	classes = {
	};
	objectVersion = 55;
	objects = {

/* Begin PBXBuildFile section */
		4F1ADAAA2834083900969E1D /* NotoSansSC-Regular.otf in Resources */ = {isa = PBXBuildFile; fileRef = 4F1ADAA32834083900969E1D /* NotoSansSC-Regular.otf */; };
		4F1ADAAB2834083900969E1D /* NotoSansSC-Thin.otf in Resources */ = {isa = PBXBuildFile; fileRef = 4F1ADAA42834083900969E1D /* NotoSansSC-Thin.otf */; };
		4F1ADAAC2834083900969E1D /* NotoSansSC-Light.otf in Resources */ = {isa = PBXBuildFile; fileRef = 4F1ADAA52834083900969E1D /* NotoSansSC-Light.otf */; };
		4F1ADAAD2834083900969E1D /* NotoSansSC-Medium.otf in Resources */ = {isa = PBXBuildFile; fileRef = 4F1ADAA62834083900969E1D /* NotoSansSC-Medium.otf */; };
		4F1ADAAE2834083900969E1D /* NotoSansSC-Bold.otf in Resources */ = {isa = PBXBuildFile; fileRef = 4F1ADAA72834083900969E1D /* NotoSansSC-Bold.otf */; };
		4F1ADAAF2834083900969E1D /* NotoSansSC-Black.otf in Resources */ = {isa = PBXBuildFile; fileRef = 4F1ADAA82834083900969E1D /* NotoSansSC-Black.otf */; };
		4F1ADAC12834085800969E1D /* NunitoSans-LightItalic.ttf in Resources */ = {isa = PBXBuildFile; fileRef = 4F1ADAB22834085800969E1D /* NunitoSans-LightItalic.ttf */; };
		4F1ADAC22834085800969E1D /* NunitoSans-BoldItalic.ttf in Resources */ = {isa = PBXBuildFile; fileRef = 4F1ADAB32834085800969E1D /* NunitoSans-BoldItalic.ttf */; };
		4F1ADAC32834085800969E1D /* NunitoSans-ExtraLight.ttf in Resources */ = {isa = PBXBuildFile; fileRef = 4F1ADAB42834085800969E1D /* NunitoSans-ExtraLight.ttf */; };
		4F1ADAC42834085800969E1D /* NunitoSans-Light.ttf in Resources */ = {isa = PBXBuildFile; fileRef = 4F1ADAB52834085800969E1D /* NunitoSans-Light.ttf */; };
		4F1ADAC52834085800969E1D /* NunitoSans-BlackItalic.ttf in Resources */ = {isa = PBXBuildFile; fileRef = 4F1ADAB62834085800969E1D /* NunitoSans-BlackItalic.ttf */; };
		4F1ADAC62834085800969E1D /* NunitoSans-ExtraBold.ttf in Resources */ = {isa = PBXBuildFile; fileRef = 4F1ADAB72834085800969E1D /* NunitoSans-ExtraBold.ttf */; };
		4F1ADAC72834085800969E1D /* NunitoSans-Regular.ttf in Resources */ = {isa = PBXBuildFile; fileRef = 4F1ADAB82834085800969E1D /* NunitoSans-Regular.ttf */; };
		4F1ADAC82834085800969E1D /* NunitoSans-SemiBoldItalic.ttf in Resources */ = {isa = PBXBuildFile; fileRef = 4F1ADAB92834085800969E1D /* NunitoSans-SemiBoldItalic.ttf */; };
		4F1ADAC92834085800969E1D /* NunitoSans-Italic.ttf in Resources */ = {isa = PBXBuildFile; fileRef = 4F1ADABA2834085800969E1D /* NunitoSans-Italic.ttf */; };
		4F1ADACB2834085800969E1D /* NunitoSans-Bold.ttf in Resources */ = {isa = PBXBuildFile; fileRef = 4F1ADABC2834085800969E1D /* NunitoSans-Bold.ttf */; };
		4F1ADACC2834085800969E1D /* NunitoSans-SemiBold.ttf in Resources */ = {isa = PBXBuildFile; fileRef = 4F1ADABD2834085800969E1D /* NunitoSans-SemiBold.ttf */; };
		4F1ADACD2834085800969E1D /* NunitoSans-Black.ttf in Resources */ = {isa = PBXBuildFile; fileRef = 4F1ADABE2834085800969E1D /* NunitoSans-Black.ttf */; };
		4F1ADACE2834085800969E1D /* NunitoSans-ExtraBoldItalic.ttf in Resources */ = {isa = PBXBuildFile; fileRef = 4F1ADABF2834085800969E1D /* NunitoSans-ExtraBoldItalic.ttf */; };
		4F1ADACF2834085800969E1D /* NunitoSans-ExtraLightItalic.ttf in Resources */ = {isa = PBXBuildFile; fileRef = 4F1ADAC02834085800969E1D /* NunitoSans-ExtraLightItalic.ttf */; };
		4F1ADAD62834085E00969E1D /* Poppins-Light.ttf in Resources */ = {isa = PBXBuildFile; fileRef = 4F1ADAD12834085E00969E1D /* Poppins-Light.ttf */; };
		4F1ADAD72834085E00969E1D /* Poppins-Medium.ttf in Resources */ = {isa = PBXBuildFile; fileRef = 4F1ADAD22834085E00969E1D /* Poppins-Medium.ttf */; };
		4F1ADAD82834085E00969E1D /* Poppins-Regular.ttf in Resources */ = {isa = PBXBuildFile; fileRef = 4F1ADAD32834085E00969E1D /* Poppins-Regular.ttf */; };
		4F1ADAD92834085E00969E1D /* Poppins-Bold.ttf in Resources */ = {isa = PBXBuildFile; fileRef = 4F1ADAD42834085E00969E1D /* Poppins-Bold.ttf */; };
		4F1ADADA2834085E00969E1D /* Poppins-SemiBold.ttf in Resources */ = {isa = PBXBuildFile; fileRef = 4F1ADAD52834085E00969E1D /* Poppins-SemiBold.ttf */; };
		4FE39D952833D033002D99B6 /* AppDelegate.swift in Sources */ = {isa = PBXBuildFile; fileRef = 4FE39D942833D033002D99B6 /* AppDelegate.swift */; };
		4FE39D972833D033002D99B6 /* SceneDelegate.swift in Sources */ = {isa = PBXBuildFile; fileRef = 4FE39D962833D033002D99B6 /* SceneDelegate.swift */; };
		4FE39D9E2833D035002D99B6 /* Assets.xcassets in Resources */ = {isa = PBXBuildFile; fileRef = 4FE39D9D2833D035002D99B6 /* Assets.xcassets */; };
		4FE39DA12833D035002D99B6 /* LaunchScreen.storyboard in Resources */ = {isa = PBXBuildFile; fileRef = 4FE39D9F2833D035002D99B6 /* LaunchScreen.storyboard */; };
		C17655F719CFF7A4D5A98DAC /* Pods_Danggn.framework in Frameworks */ = {isa = PBXBuildFile; fileRef = C8475C0C3F8165FEF23B6CDE /* Pods_Danggn.framework */; };
		E70333942834687200ABF306 /* ListItemViewController.swift in Sources */ = {isa = PBXBuildFile; fileRef = E70333932834687200ABF306 /* ListItemViewController.swift */; };
		E70333962834689D00ABF306 /* ListItem.storyboard in Resources */ = {isa = PBXBuildFile; fileRef = E70333952834689D00ABF306 /* ListItem.storyboard */; };
		E703339D283469E700ABF306 /* TabBar.storyboard in Resources */ = {isa = PBXBuildFile; fileRef = E703339C283469E700ABF306 /* TabBar.storyboard */; };
		E70333AD2834721900ABF306 /* NeighborhoodViewController.swift in Sources */ = {isa = PBXBuildFile; fileRef = E70333AC2834721900ABF306 /* NeighborhoodViewController.swift */; };
		E70333B02834722E00ABF306 /* Neighborhood.storyboard in Resources */ = {isa = PBXBuildFile; fileRef = E70333AF2834722E00ABF306 /* Neighborhood.storyboard */; };
		E70333B22834723E00ABF306 /* MyPlace.storyboard in Resources */ = {isa = PBXBuildFile; fileRef = E70333B12834723E00ABF306 /* MyPlace.storyboard */; };
		E70333B62834727800ABF306 /* MyPlaceViewController.swift in Sources */ = {isa = PBXBuildFile; fileRef = E70333B52834727800ABF306 /* MyPlaceViewController.swift */; };
		E70333B82834728500ABF306 /* Chat.storyboard in Resources */ = {isa = PBXBuildFile; fileRef = E70333B72834728500ABF306 /* Chat.storyboard */; };
		E70333BA2834728F00ABF306 /* ChatViewController.swift in Sources */ = {isa = PBXBuildFile; fileRef = E70333B92834728F00ABF306 /* ChatViewController.swift */; };
		E70333BC2834729D00ABF306 /* MyDanggn.storyboard in Resources */ = {isa = PBXBuildFile; fileRef = E70333BB2834729D00ABF306 /* MyDanggn.storyboard */; };
		E70333C0283472C300ABF306 /* MyDanggnViewController.swift in Sources */ = {isa = PBXBuildFile; fileRef = E70333BF283472C300ABF306 /* MyDanggnViewController.swift */; };
		E70333C22834761800ABF306 /* TabBarController.swift in Sources */ = {isa = PBXBuildFile; fileRef = E70333C12834761800ABF306 /* TabBarController.swift */; };
		E7C2C1E2283F0B8C00C0CED1 /* ListDataModel.swift in Sources */ = {isa = PBXBuildFile; fileRef = E7C2C1E1283F0B8C00C0CED1 /* ListDataModel.swift */; };
		E7EB78E528354EF80094D855 /* TabBarTemp.swift in Sources */ = {isa = PBXBuildFile; fileRef = E7EB78E428354EF80094D855 /* TabBarTemp.swift */; };
		E7EB78E8283660630094D855 /* UINavigationItem+Extension.swift in Sources */ = {isa = PBXBuildFile; fileRef = E7EB78E7283660630094D855 /* UINavigationItem+Extension.swift */; };
		E7F2375E283DDD7000177E7C /* ListItemCollectionViewCell.swift in Sources */ = {isa = PBXBuildFile; fileRef = E7F2375C283DDD7000177E7C /* ListItemCollectionViewCell.swift */; };
		E7F2375F283DDD7000177E7C /* ListItemCollectionViewCell.xib in Resources */ = {isa = PBXBuildFile; fileRef = E7F2375D283DDD7000177E7C /* ListItemCollectionViewCell.xib */; };
		E7F53C71284065C70078B8C2 /* APIConstants.swift in Sources */ = {isa = PBXBuildFile; fileRef = E7F53C70284065C70078B8C2 /* APIConstants.swift */; };
		E7F53C73284066FE0078B8C2 /* NetworkResults.swift in Sources */ = {isa = PBXBuildFile; fileRef = E7F53C72284066FE0078B8C2 /* NetworkResults.swift */; };
		E7F53C7628406DDC0078B8C2 /* FeedModel.swift in Sources */ = {isa = PBXBuildFile; fileRef = E7F53C7528406DDC0078B8C2 /* FeedModel.swift */; };
		E7F53C79284070090078B8C2 /* FeedService.swift in Sources */ = {isa = PBXBuildFile; fileRef = E7F53C78284070090078B8C2 /* FeedService.swift */; };
		E7F53C7D2840F1180078B8C2 /* ItemDetail.storyboard in Resources */ = {isa = PBXBuildFile; fileRef = E7F53C7C2840F1180078B8C2 /* ItemDetail.storyboard */; };
		E7F53C7F2840F18C0078B8C2 /* ItemDetailViewController.swift in Sources */ = {isa = PBXBuildFile; fileRef = E7F53C7E2840F18C0078B8C2 /* ItemDetailViewController.swift */; };
/* End PBXBuildFile section */

/* Begin PBXFileReference section */
		289C9054B49733CA08C0D180 /* Pods-Danggn.debug.xcconfig */ = {isa = PBXFileReference; includeInIndex = 1; lastKnownFileType = text.xcconfig; name = "Pods-Danggn.debug.xcconfig"; path = "Target Support Files/Pods-Danggn/Pods-Danggn.debug.xcconfig"; sourceTree = "<group>"; };
		4F1ADAA32834083900969E1D /* NotoSansSC-Regular.otf */ = {isa = PBXFileReference; lastKnownFileType = file; path = "NotoSansSC-Regular.otf"; sourceTree = "<group>"; };
		4F1ADAA42834083900969E1D /* NotoSansSC-Thin.otf */ = {isa = PBXFileReference; lastKnownFileType = file; path = "NotoSansSC-Thin.otf"; sourceTree = "<group>"; };
		4F1ADAA52834083900969E1D /* NotoSansSC-Light.otf */ = {isa = PBXFileReference; lastKnownFileType = file; path = "NotoSansSC-Light.otf"; sourceTree = "<group>"; };
		4F1ADAA62834083900969E1D /* NotoSansSC-Medium.otf */ = {isa = PBXFileReference; lastKnownFileType = file; path = "NotoSansSC-Medium.otf"; sourceTree = "<group>"; };
		4F1ADAA72834083900969E1D /* NotoSansSC-Bold.otf */ = {isa = PBXFileReference; lastKnownFileType = file; path = "NotoSansSC-Bold.otf"; sourceTree = "<group>"; };
		4F1ADAA82834083900969E1D /* NotoSansSC-Black.otf */ = {isa = PBXFileReference; lastKnownFileType = file; path = "NotoSansSC-Black.otf"; sourceTree = "<group>"; };
		4F1ADAA92834083900969E1D /* OFL.txt */ = {isa = PBXFileReference; fileEncoding = 4; lastKnownFileType = text; path = OFL.txt; sourceTree = "<group>"; };
		4F1ADAB22834085800969E1D /* NunitoSans-LightItalic.ttf */ = {isa = PBXFileReference; lastKnownFileType = file; path = "NunitoSans-LightItalic.ttf"; sourceTree = "<group>"; };
		4F1ADAB32834085800969E1D /* NunitoSans-BoldItalic.ttf */ = {isa = PBXFileReference; lastKnownFileType = file; path = "NunitoSans-BoldItalic.ttf"; sourceTree = "<group>"; };
		4F1ADAB42834085800969E1D /* NunitoSans-ExtraLight.ttf */ = {isa = PBXFileReference; lastKnownFileType = file; path = "NunitoSans-ExtraLight.ttf"; sourceTree = "<group>"; };
		4F1ADAB52834085800969E1D /* NunitoSans-Light.ttf */ = {isa = PBXFileReference; lastKnownFileType = file; path = "NunitoSans-Light.ttf"; sourceTree = "<group>"; };
		4F1ADAB62834085800969E1D /* NunitoSans-BlackItalic.ttf */ = {isa = PBXFileReference; lastKnownFileType = file; path = "NunitoSans-BlackItalic.ttf"; sourceTree = "<group>"; };
		4F1ADAB72834085800969E1D /* NunitoSans-ExtraBold.ttf */ = {isa = PBXFileReference; lastKnownFileType = file; path = "NunitoSans-ExtraBold.ttf"; sourceTree = "<group>"; };
		4F1ADAB82834085800969E1D /* NunitoSans-Regular.ttf */ = {isa = PBXFileReference; lastKnownFileType = file; path = "NunitoSans-Regular.ttf"; sourceTree = "<group>"; };
		4F1ADAB92834085800969E1D /* NunitoSans-SemiBoldItalic.ttf */ = {isa = PBXFileReference; lastKnownFileType = file; path = "NunitoSans-SemiBoldItalic.ttf"; sourceTree = "<group>"; };
		4F1ADABA2834085800969E1D /* NunitoSans-Italic.ttf */ = {isa = PBXFileReference; lastKnownFileType = file; path = "NunitoSans-Italic.ttf"; sourceTree = "<group>"; };
		4F1ADABB2834085800969E1D /* OFL.txt */ = {isa = PBXFileReference; fileEncoding = 4; lastKnownFileType = text; path = OFL.txt; sourceTree = "<group>"; };
		4F1ADABC2834085800969E1D /* NunitoSans-Bold.ttf */ = {isa = PBXFileReference; lastKnownFileType = file; path = "NunitoSans-Bold.ttf"; sourceTree = "<group>"; };
		4F1ADABD2834085800969E1D /* NunitoSans-SemiBold.ttf */ = {isa = PBXFileReference; lastKnownFileType = file; path = "NunitoSans-SemiBold.ttf"; sourceTree = "<group>"; };
		4F1ADABE2834085800969E1D /* NunitoSans-Black.ttf */ = {isa = PBXFileReference; lastKnownFileType = file; path = "NunitoSans-Black.ttf"; sourceTree = "<group>"; };
		4F1ADABF2834085800969E1D /* NunitoSans-ExtraBoldItalic.ttf */ = {isa = PBXFileReference; lastKnownFileType = file; path = "NunitoSans-ExtraBoldItalic.ttf"; sourceTree = "<group>"; };
		4F1ADAC02834085800969E1D /* NunitoSans-ExtraLightItalic.ttf */ = {isa = PBXFileReference; lastKnownFileType = file; path = "NunitoSans-ExtraLightItalic.ttf"; sourceTree = "<group>"; };
		4F1ADAD12834085E00969E1D /* Poppins-Light.ttf */ = {isa = PBXFileReference; lastKnownFileType = file; path = "Poppins-Light.ttf"; sourceTree = "<group>"; };
		4F1ADAD22834085E00969E1D /* Poppins-Medium.ttf */ = {isa = PBXFileReference; lastKnownFileType = file; path = "Poppins-Medium.ttf"; sourceTree = "<group>"; };
		4F1ADAD32834085E00969E1D /* Poppins-Regular.ttf */ = {isa = PBXFileReference; lastKnownFileType = file; path = "Poppins-Regular.ttf"; sourceTree = "<group>"; };
		4F1ADAD42834085E00969E1D /* Poppins-Bold.ttf */ = {isa = PBXFileReference; lastKnownFileType = file; path = "Poppins-Bold.ttf"; sourceTree = "<group>"; };
		4F1ADAD52834085E00969E1D /* Poppins-SemiBold.ttf */ = {isa = PBXFileReference; lastKnownFileType = file; path = "Poppins-SemiBold.ttf"; sourceTree = "<group>"; };
		4FE39D912833D033002D99B6 /* Danggn.app */ = {isa = PBXFileReference; explicitFileType = wrapper.application; includeInIndex = 0; path = Danggn.app; sourceTree = BUILT_PRODUCTS_DIR; };
		4FE39D942833D033002D99B6 /* AppDelegate.swift */ = {isa = PBXFileReference; lastKnownFileType = sourcecode.swift; path = AppDelegate.swift; sourceTree = "<group>"; };
		4FE39D962833D033002D99B6 /* SceneDelegate.swift */ = {isa = PBXFileReference; lastKnownFileType = sourcecode.swift; path = SceneDelegate.swift; sourceTree = "<group>"; };
		4FE39D9D2833D035002D99B6 /* Assets.xcassets */ = {isa = PBXFileReference; lastKnownFileType = folder.assetcatalog; path = Assets.xcassets; sourceTree = "<group>"; };
		4FE39DA02833D035002D99B6 /* Base */ = {isa = PBXFileReference; lastKnownFileType = file.storyboard; name = Base; path = Base.lproj/LaunchScreen.storyboard; sourceTree = "<group>"; };
		4FE39DA22833D035002D99B6 /* Info.plist */ = {isa = PBXFileReference; lastKnownFileType = text.plist.xml; path = Info.plist; sourceTree = "<group>"; };
		9C6E9950F0304BE712A546FB /* Pods-Danggn.release.xcconfig */ = {isa = PBXFileReference; includeInIndex = 1; lastKnownFileType = text.xcconfig; name = "Pods-Danggn.release.xcconfig"; path = "Target Support Files/Pods-Danggn/Pods-Danggn.release.xcconfig"; sourceTree = "<group>"; };
		C8475C0C3F8165FEF23B6CDE /* Pods_Danggn.framework */ = {isa = PBXFileReference; explicitFileType = wrapper.framework; includeInIndex = 0; path = Pods_Danggn.framework; sourceTree = BUILT_PRODUCTS_DIR; };
		E70333932834687200ABF306 /* ListItemViewController.swift */ = {isa = PBXFileReference; lastKnownFileType = sourcecode.swift; path = ListItemViewController.swift; sourceTree = "<group>"; };
		E70333952834689D00ABF306 /* ListItem.storyboard */ = {isa = PBXFileReference; lastKnownFileType = file.storyboard; path = ListItem.storyboard; sourceTree = "<group>"; };
		E703339C283469E700ABF306 /* TabBar.storyboard */ = {isa = PBXFileReference; lastKnownFileType = file.storyboard; path = TabBar.storyboard; sourceTree = "<group>"; };
		E70333AC2834721900ABF306 /* NeighborhoodViewController.swift */ = {isa = PBXFileReference; lastKnownFileType = sourcecode.swift; path = NeighborhoodViewController.swift; sourceTree = "<group>"; };
		E70333AF2834722E00ABF306 /* Neighborhood.storyboard */ = {isa = PBXFileReference; lastKnownFileType = file.storyboard; path = Neighborhood.storyboard; sourceTree = "<group>"; };
		E70333B12834723E00ABF306 /* MyPlace.storyboard */ = {isa = PBXFileReference; lastKnownFileType = file.storyboard; path = MyPlace.storyboard; sourceTree = "<group>"; };
		E70333B52834727800ABF306 /* MyPlaceViewController.swift */ = {isa = PBXFileReference; lastKnownFileType = sourcecode.swift; path = MyPlaceViewController.swift; sourceTree = "<group>"; };
		E70333B72834728500ABF306 /* Chat.storyboard */ = {isa = PBXFileReference; lastKnownFileType = file.storyboard; path = Chat.storyboard; sourceTree = "<group>"; };
		E70333B92834728F00ABF306 /* ChatViewController.swift */ = {isa = PBXFileReference; lastKnownFileType = sourcecode.swift; path = ChatViewController.swift; sourceTree = "<group>"; };
		E70333BB2834729D00ABF306 /* MyDanggn.storyboard */ = {isa = PBXFileReference; lastKnownFileType = file.storyboard; path = MyDanggn.storyboard; sourceTree = "<group>"; };
		E70333BF283472C300ABF306 /* MyDanggnViewController.swift */ = {isa = PBXFileReference; lastKnownFileType = sourcecode.swift; path = MyDanggnViewController.swift; sourceTree = "<group>"; };
		E70333C12834761800ABF306 /* TabBarController.swift */ = {isa = PBXFileReference; lastKnownFileType = sourcecode.swift; path = TabBarController.swift; sourceTree = "<group>"; };
		E7C2C1E1283F0B8C00C0CED1 /* ListDataModel.swift */ = {isa = PBXFileReference; lastKnownFileType = sourcecode.swift; path = ListDataModel.swift; sourceTree = "<group>"; };
		E7EB78E428354EF80094D855 /* TabBarTemp.swift */ = {isa = PBXFileReference; lastKnownFileType = sourcecode.swift; path = TabBarTemp.swift; sourceTree = "<group>"; };
		E7EB78E7283660630094D855 /* UINavigationItem+Extension.swift */ = {isa = PBXFileReference; lastKnownFileType = sourcecode.swift; path = "UINavigationItem+Extension.swift"; sourceTree = "<group>"; };
		E7F2375C283DDD7000177E7C /* ListItemCollectionViewCell.swift */ = {isa = PBXFileReference; lastKnownFileType = sourcecode.swift; path = ListItemCollectionViewCell.swift; sourceTree = "<group>"; };
		E7F2375D283DDD7000177E7C /* ListItemCollectionViewCell.xib */ = {isa = PBXFileReference; lastKnownFileType = file.xib; path = ListItemCollectionViewCell.xib; sourceTree = "<group>"; };
		E7F53C70284065C70078B8C2 /* APIConstants.swift */ = {isa = PBXFileReference; lastKnownFileType = sourcecode.swift; path = APIConstants.swift; sourceTree = "<group>"; };
		E7F53C72284066FE0078B8C2 /* NetworkResults.swift */ = {isa = PBXFileReference; lastKnownFileType = sourcecode.swift; path = NetworkResults.swift; sourceTree = "<group>"; };
		E7F53C7528406DDC0078B8C2 /* FeedModel.swift */ = {isa = PBXFileReference; lastKnownFileType = sourcecode.swift; path = FeedModel.swift; sourceTree = "<group>"; };
		E7F53C78284070090078B8C2 /* FeedService.swift */ = {isa = PBXFileReference; lastKnownFileType = sourcecode.swift; path = FeedService.swift; sourceTree = "<group>"; };
		E7F53C7C2840F1180078B8C2 /* ItemDetail.storyboard */ = {isa = PBXFileReference; fileEncoding = 4; lastKnownFileType = file.storyboard; path = ItemDetail.storyboard; sourceTree = "<group>"; };
		E7F53C7E2840F18C0078B8C2 /* ItemDetailViewController.swift */ = {isa = PBXFileReference; fileEncoding = 4; lastKnownFileType = sourcecode.swift; path = ItemDetailViewController.swift; sourceTree = "<group>"; };
/* End PBXFileReference section */

/* Begin PBXFrameworksBuildPhase section */
		4FE39D8E2833D033002D99B6 /* Frameworks */ = {
			isa = PBXFrameworksBuildPhase;
			buildActionMask = 2147483647;
			files = (
				C17655F719CFF7A4D5A98DAC /* Pods_Danggn.framework in Frameworks */,
			);
			runOnlyForDeploymentPostprocessing = 0;
		};
/* End PBXFrameworksBuildPhase section */

/* Begin PBXGroup section */
		31D7DB10938B91CCF27C5B5C /* Frameworks */ = {
			isa = PBXGroup;
			children = (
				C8475C0C3F8165FEF23B6CDE /* Pods_Danggn.framework */,
			);
			name = Frameworks;
			sourceTree = "<group>";
		};
		4F1ADAA12834080700969E1D /* Font */ = {
			isa = PBXGroup;
			children = (
				4F1ADAD02834085E00969E1D /* Poppins */,
				4F1ADAB12834085800969E1D /* Nunito_Sans */,
				4F1ADAA22834083900969E1D /* Noto_Sans_SC */,
			);
			path = Font;
			sourceTree = "<group>";
		};
		4F1ADAA22834083900969E1D /* Noto_Sans_SC */ = {
			isa = PBXGroup;
			children = (
				4F1ADAA32834083900969E1D /* NotoSansSC-Regular.otf */,
				4F1ADAA42834083900969E1D /* NotoSansSC-Thin.otf */,
				4F1ADAA52834083900969E1D /* NotoSansSC-Light.otf */,
				4F1ADAA62834083900969E1D /* NotoSansSC-Medium.otf */,
				4F1ADAA72834083900969E1D /* NotoSansSC-Bold.otf */,
				4F1ADAA82834083900969E1D /* NotoSansSC-Black.otf */,
				4F1ADAA92834083900969E1D /* OFL.txt */,
			);
			path = Noto_Sans_SC;
			sourceTree = "<group>";
		};
		4F1ADAB12834085800969E1D /* Nunito_Sans */ = {
			isa = PBXGroup;
			children = (
				4F1ADAB22834085800969E1D /* NunitoSans-LightItalic.ttf */,
				4F1ADAB32834085800969E1D /* NunitoSans-BoldItalic.ttf */,
				4F1ADAB42834085800969E1D /* NunitoSans-ExtraLight.ttf */,
				4F1ADAB52834085800969E1D /* NunitoSans-Light.ttf */,
				4F1ADAB62834085800969E1D /* NunitoSans-BlackItalic.ttf */,
				4F1ADAB72834085800969E1D /* NunitoSans-ExtraBold.ttf */,
				4F1ADAB82834085800969E1D /* NunitoSans-Regular.ttf */,
				4F1ADAB92834085800969E1D /* NunitoSans-SemiBoldItalic.ttf */,
				4F1ADABA2834085800969E1D /* NunitoSans-Italic.ttf */,
				4F1ADABB2834085800969E1D /* OFL.txt */,
				4F1ADABC2834085800969E1D /* NunitoSans-Bold.ttf */,
				4F1ADABD2834085800969E1D /* NunitoSans-SemiBold.ttf */,
				4F1ADABE2834085800969E1D /* NunitoSans-Black.ttf */,
				4F1ADABF2834085800969E1D /* NunitoSans-ExtraBoldItalic.ttf */,
				4F1ADAC02834085800969E1D /* NunitoSans-ExtraLightItalic.ttf */,
			);
			path = Nunito_Sans;
			sourceTree = "<group>";
		};
		4F1ADAD02834085E00969E1D /* Poppins */ = {
			isa = PBXGroup;
			children = (
				4F1ADAD12834085E00969E1D /* Poppins-Light.ttf */,
				4F1ADAD22834085E00969E1D /* Poppins-Medium.ttf */,
				4F1ADAD32834085E00969E1D /* Poppins-Regular.ttf */,
				4F1ADAD42834085E00969E1D /* Poppins-Bold.ttf */,
				4F1ADAD52834085E00969E1D /* Poppins-SemiBold.ttf */,
			);
			path = Poppins;
			sourceTree = "<group>";
		};
		4FE39D882833D033002D99B6 = {
			isa = PBXGroup;
			children = (
				4FE39D932833D033002D99B6 /* Danggn */,
				4FE39D922833D033002D99B6 /* Products */,
				C5F4445E19F9843C826323F9 /* Pods */,
				31D7DB10938B91CCF27C5B5C /* Frameworks */,
			);
			sourceTree = "<group>";
		};
		4FE39D922833D033002D99B6 /* Products */ = {
			isa = PBXGroup;
			children = (
				4FE39D912833D033002D99B6 /* Danggn.app */,
			);
			name = Products;
			sourceTree = "<group>";
		};
		4FE39D932833D033002D99B6 /* Danggn */ = {
			isa = PBXGroup;
			children = (
				4FE39DA22833D035002D99B6 /* Info.plist */,
				E7EB78E928366C7A0094D855 /* Global */,
				E7F53C7428406DC10078B8C2 /* DataModel */,
				E7F53C6F284065AE0078B8C2 /* Network */,
				E7F53C7728406FE60078B8C2 /* Service */,
				4FE39DAB2833DB55002D99B6 /* Screen */,
				4FE39DAA2833DA97002D99B6 /* Resource */,
				4FE39DA92833D9D2002D99B6 /* Application */,
			);
			path = Danggn;
			sourceTree = "<group>";
		};
		4FE39DA92833D9D2002D99B6 /* Application */ = {
			isa = PBXGroup;
			children = (
				4FE39D942833D033002D99B6 /* AppDelegate.swift */,
				4FE39D962833D033002D99B6 /* SceneDelegate.swift */,
			);
			path = Application;
			sourceTree = "<group>";
		};
		4FE39DAA2833DA97002D99B6 /* Resource */ = {
			isa = PBXGroup;
			children = (
				4F1ADAA12834080700969E1D /* Font */,
				4FE39D9F2833D035002D99B6 /* LaunchScreen.storyboard */,
				4FE39D9D2833D035002D99B6 /* Assets.xcassets */,
			);
			path = Resource;
			sourceTree = "<group>";
		};
		4FE39DAB2833DB55002D99B6 /* Screen */ = {
			isa = PBXGroup;
			children = (
				E70333982834698100ABF306 /* TabBar */,
				E7033397283468D700ABF306 /* Home */,
				E70333A22834705C00ABF306 /* Neighborhood */,
				E70333A32834711700ABF306 /* MyPlace */,
				E70333A02834700C00ABF306 /* Chat */,
				E70333A12834703F00ABF306 /* MyDanggn */,
			);
			path = Screen;
			sourceTree = "<group>";
		};
		C5F4445E19F9843C826323F9 /* Pods */ = {
			isa = PBXGroup;
			children = (
				289C9054B49733CA08C0D180 /* Pods-Danggn.debug.xcconfig */,
				9C6E9950F0304BE712A546FB /* Pods-Danggn.release.xcconfig */,
			);
			path = Pods;
			sourceTree = "<group>";
		};
		E70333902834673800ABF306 /* Model */ = {
			isa = PBXGroup;
			children = (
				E7C2C1E1283F0B8C00C0CED1 /* ListDataModel.swift */,
			);
			path = Model;
			sourceTree = "<group>";
		};
		E70333912834674600ABF306 /* View */ = {
			isa = PBXGroup;
			children = (
				E7F53C7C2840F1180078B8C2 /* ItemDetail.storyboard */,
				E70333952834689D00ABF306 /* ListItem.storyboard */,
				E7F2375D283DDD7000177E7C /* ListItemCollectionViewCell.xib */,
			);
			path = View;
			sourceTree = "<group>";
		};
		E70333922834674A00ABF306 /* Controller */ = {
			isa = PBXGroup;
			children = (
				E7F53C7E2840F18C0078B8C2 /* ItemDetailViewController.swift */,
				E70333932834687200ABF306 /* ListItemViewController.swift */,
				E7F2375C283DDD7000177E7C /* ListItemCollectionViewCell.swift */,
			);
			path = Controller;
			sourceTree = "<group>";
		};
		E7033397283468D700ABF306 /* Home */ = {
			isa = PBXGroup;
			children = (
				E70333902834673800ABF306 /* Model */,
				E70333912834674600ABF306 /* View */,
				E70333922834674A00ABF306 /* Controller */,
			);
			path = Home;
			sourceTree = "<group>";
		};
		E70333982834698100ABF306 /* TabBar */ = {
			isa = PBXGroup;
			children = (
				E70333992834699300ABF306 /* Model */,
				E703339B2834699E00ABF306 /* View */,
				E703339A2834699700ABF306 /* Controller */,
			);
			path = TabBar;
			sourceTree = "<group>";
		};
		E70333992834699300ABF306 /* Model */ = {
			isa = PBXGroup;
			children = (
				E7EB78E428354EF80094D855 /* TabBarTemp.swift */,
			);
			path = Model;
			sourceTree = "<group>";
		};
		E703339A2834699700ABF306 /* Controller */ = {
			isa = PBXGroup;
			children = (
				E70333C12834761800ABF306 /* TabBarController.swift */,
			);
			path = Controller;
			sourceTree = "<group>";
		};
		E703339B2834699E00ABF306 /* View */ = {
			isa = PBXGroup;
			children = (
				E703339C283469E700ABF306 /* TabBar.storyboard */,
			);
			path = View;
			sourceTree = "<group>";
		};
		E70333A02834700C00ABF306 /* Chat */ = {
			isa = PBXGroup;
			children = (
				E70333A9283471B700ABF306 /* View */,
				E70333A8283471B000ABF306 /* Controller */,
			);
			path = Chat;
			sourceTree = "<group>";
		};
		E70333A12834703F00ABF306 /* MyDanggn */ = {
			isa = PBXGroup;
			children = (
				E70333AB283471C500ABF306 /* View */,
				E70333AA283471BB00ABF306 /* Controller */,
			);
			path = MyDanggn;
			sourceTree = "<group>";
		};
		E70333A22834705C00ABF306 /* Neighborhood */ = {
			isa = PBXGroup;
			children = (
				E70333A42834718400ABF306 /* View */,
				E70333A52834718C00ABF306 /* Controller */,
			);
			path = Neighborhood;
			sourceTree = "<group>";
		};
		E70333A32834711700ABF306 /* MyPlace */ = {
			isa = PBXGroup;
			children = (
				E70333A7283471AB00ABF306 /* View */,
				E70333A62834719E00ABF306 /* Controller */,
			);
			path = MyPlace;
			sourceTree = "<group>";
		};
		E70333A42834718400ABF306 /* View */ = {
			isa = PBXGroup;
			children = (
				E70333AF2834722E00ABF306 /* Neighborhood.storyboard */,
			);
			path = View;
			sourceTree = "<group>";
		};
		E70333A52834718C00ABF306 /* Controller */ = {
			isa = PBXGroup;
			children = (
				E70333AC2834721900ABF306 /* NeighborhoodViewController.swift */,
			);
			path = Controller;
			sourceTree = "<group>";
		};
		E70333A62834719E00ABF306 /* Controller */ = {
			isa = PBXGroup;
			children = (
				E70333B52834727800ABF306 /* MyPlaceViewController.swift */,
			);
			path = Controller;
			sourceTree = "<group>";
		};
		E70333A7283471AB00ABF306 /* View */ = {
			isa = PBXGroup;
			children = (
				E70333B12834723E00ABF306 /* MyPlace.storyboard */,
			);
			path = View;
			sourceTree = "<group>";
		};
		E70333A8283471B000ABF306 /* Controller */ = {
			isa = PBXGroup;
			children = (
				E70333B92834728F00ABF306 /* ChatViewController.swift */,
			);
			path = Controller;
			sourceTree = "<group>";
		};
		E70333A9283471B700ABF306 /* View */ = {
			isa = PBXGroup;
			children = (
				E70333B72834728500ABF306 /* Chat.storyboard */,
			);
			path = View;
			sourceTree = "<group>";
		};
		E70333AA283471BB00ABF306 /* Controller */ = {
			isa = PBXGroup;
			children = (
				E70333BF283472C300ABF306 /* MyDanggnViewController.swift */,
			);
			path = Controller;
			sourceTree = "<group>";
		};
		E70333AB283471C500ABF306 /* View */ = {
			isa = PBXGroup;
			children = (
				E70333BB2834729D00ABF306 /* MyDanggn.storyboard */,
			);
			path = View;
			sourceTree = "<group>";
		};
		E7EB78E6283660530094D855 /* Extension */ = {
			isa = PBXGroup;
			children = (
				E7EB78E7283660630094D855 /* UINavigationItem+Extension.swift */,
			);
			path = Extension;
			sourceTree = "<group>";
		};
		E7EB78E928366C7A0094D855 /* Global */ = {
			isa = PBXGroup;
			children = (
				E7EB78E6283660530094D855 /* Extension */,
			);
			path = Global;
			sourceTree = "<group>";
		};
		E7F53C6F284065AE0078B8C2 /* Network */ = {
			isa = PBXGroup;
			children = (
				E7F53C70284065C70078B8C2 /* APIConstants.swift */,
				E7F53C72284066FE0078B8C2 /* NetworkResults.swift */,
			);
			path = Network;
			sourceTree = "<group>";
		};
		E7F53C7428406DC10078B8C2 /* DataModel */ = {
			isa = PBXGroup;
			children = (
				E7F53C7528406DDC0078B8C2 /* FeedModel.swift */,
			);
			path = DataModel;
			sourceTree = "<group>";
		};
		E7F53C7728406FE60078B8C2 /* Service */ = {
			isa = PBXGroup;
			children = (
				E7F53C78284070090078B8C2 /* FeedService.swift */,
			);
			path = Service;
			sourceTree = "<group>";
		};
/* End PBXGroup section */

/* Begin PBXNativeTarget section */
		4FE39D902833D033002D99B6 /* Danggn */ = {
			isa = PBXNativeTarget;
			buildConfigurationList = 4FE39DA52833D035002D99B6 /* Build configuration list for PBXNativeTarget "Danggn" */;
			buildPhases = (
				01F1FB8B5EB0D08AB94D9EB6 /* [CP] Check Pods Manifest.lock */,
				4FE39D8D2833D033002D99B6 /* Sources */,
				4FE39D8E2833D033002D99B6 /* Frameworks */,
				4FE39D8F2833D033002D99B6 /* Resources */,
				4FE39DA82833D138002D99B6 /* SwiftLint */,
				4834AD5F5903829E17DBBA44 /* [CP] Embed Pods Frameworks */,
			);
			buildRules = (
			);
			dependencies = (
			);
			name = Danggn;
			productName = Danggn;
			productReference = 4FE39D912833D033002D99B6 /* Danggn.app */;
			productType = "com.apple.product-type.application";
		};
/* End PBXNativeTarget section */

/* Begin PBXProject section */
		4FE39D892833D033002D99B6 /* Project object */ = {
			isa = PBXProject;
			attributes = {
				BuildIndependentTargetsInParallel = 1;
				LastSwiftUpdateCheck = 1330;
				LastUpgradeCheck = 1330;
				TargetAttributes = {
					4FE39D902833D033002D99B6 = {
						CreatedOnToolsVersion = 13.3.1;
					};
				};
			};
			buildConfigurationList = 4FE39D8C2833D033002D99B6 /* Build configuration list for PBXProject "Danggn" */;
			compatibilityVersion = "Xcode 13.0";
			developmentRegion = en;
			hasScannedForEncodings = 0;
			knownRegions = (
				en,
				Base,
			);
			mainGroup = 4FE39D882833D033002D99B6;
			productRefGroup = 4FE39D922833D033002D99B6 /* Products */;
			projectDirPath = "";
			projectRoot = "";
			targets = (
				4FE39D902833D033002D99B6 /* Danggn */,
			);
		};
/* End PBXProject section */

/* Begin PBXResourcesBuildPhase section */
		4FE39D8F2833D033002D99B6 /* Resources */ = {
			isa = PBXResourcesBuildPhase;
			buildActionMask = 2147483647;
			files = (
				4F1ADAD62834085E00969E1D /* Poppins-Light.ttf in Resources */,
				4F1ADAAD2834083900969E1D /* NotoSansSC-Medium.otf in Resources */,
				4F1ADAC72834085800969E1D /* NunitoSans-Regular.ttf in Resources */,
				4F1ADAC12834085800969E1D /* NunitoSans-LightItalic.ttf in Resources */,
				E70333962834689D00ABF306 /* ListItem.storyboard in Resources */,
				4F1ADACE2834085800969E1D /* NunitoSans-ExtraBoldItalic.ttf in Resources */,
				4F1ADAD72834085E00969E1D /* Poppins-Medium.ttf in Resources */,
				E7F2375F283DDD7000177E7C /* ListItemCollectionViewCell.xib in Resources */,
				4FE39DA12833D035002D99B6 /* LaunchScreen.storyboard in Resources */,
				4F1ADAC92834085800969E1D /* NunitoSans-Italic.ttf in Resources */,
				E703339D283469E700ABF306 /* TabBar.storyboard in Resources */,
				4F1ADAAE2834083900969E1D /* NotoSansSC-Bold.otf in Resources */,
				E70333B82834728500ABF306 /* Chat.storyboard in Resources */,
				4F1ADAD92834085E00969E1D /* Poppins-Bold.ttf in Resources */,
				4F1ADAAF2834083900969E1D /* NotoSansSC-Black.otf in Resources */,
				4F1ADAC22834085800969E1D /* NunitoSans-BoldItalic.ttf in Resources */,
				4F1ADADA2834085E00969E1D /* Poppins-SemiBold.ttf in Resources */,
				4F1ADAC62834085800969E1D /* NunitoSans-ExtraBold.ttf in Resources */,
				4FE39D9E2833D035002D99B6 /* Assets.xcassets in Resources */,
				4F1ADACF2834085800969E1D /* NunitoSans-ExtraLightItalic.ttf in Resources */,
				4F1ADACC2834085800969E1D /* NunitoSans-SemiBold.ttf in Resources */,
				4F1ADAC42834085800969E1D /* NunitoSans-Light.ttf in Resources */,
				4F1ADAAA2834083900969E1D /* NotoSansSC-Regular.otf in Resources */,
				E70333BC2834729D00ABF306 /* MyDanggn.storyboard in Resources */,
				4F1ADACB2834085800969E1D /* NunitoSans-Bold.ttf in Resources */,
				4F1ADACD2834085800969E1D /* NunitoSans-Black.ttf in Resources */,
				E70333B02834722E00ABF306 /* Neighborhood.storyboard in Resources */,
				E70333B22834723E00ABF306 /* MyPlace.storyboard in Resources */,
				4F1ADAAB2834083900969E1D /* NotoSansSC-Thin.otf in Resources */,
				4F1ADAD82834085E00969E1D /* Poppins-Regular.ttf in Resources */,
				E7F53C7D2840F1180078B8C2 /* ItemDetail.storyboard in Resources */,
				4F1ADAC32834085800969E1D /* NunitoSans-ExtraLight.ttf in Resources */,
				4F1ADAC52834085800969E1D /* NunitoSans-BlackItalic.ttf in Resources */,
				4F1ADAAC2834083900969E1D /* NotoSansSC-Light.otf in Resources */,
				4F1ADAC82834085800969E1D /* NunitoSans-SemiBoldItalic.ttf in Resources */,
			);
			runOnlyForDeploymentPostprocessing = 0;
		};
/* End PBXResourcesBuildPhase section */

/* Begin PBXShellScriptBuildPhase section */
		01F1FB8B5EB0D08AB94D9EB6 /* [CP] Check Pods Manifest.lock */ = {
			isa = PBXShellScriptBuildPhase;
			buildActionMask = 2147483647;
			files = (
			);
			inputFileListPaths = (
			);
			inputPaths = (
				"${PODS_PODFILE_DIR_PATH}/Podfile.lock",
				"${PODS_ROOT}/Manifest.lock",
			);
			name = "[CP] Check Pods Manifest.lock";
			outputFileListPaths = (
			);
			outputPaths = (
				"$(DERIVED_FILE_DIR)/Pods-Danggn-checkManifestLockResult.txt",
			);
			runOnlyForDeploymentPostprocessing = 0;
			shellPath = /bin/sh;
			shellScript = "diff \"${PODS_PODFILE_DIR_PATH}/Podfile.lock\" \"${PODS_ROOT}/Manifest.lock\" > /dev/null\nif [ $? != 0 ] ; then\n    # print error to STDERR\n    echo \"error: The sandbox is not in sync with the Podfile.lock. Run 'pod install' or update your CocoaPods installation.\" >&2\n    exit 1\nfi\n# This output is used by Xcode 'outputs' to avoid re-running this script phase.\necho \"SUCCESS\" > \"${SCRIPT_OUTPUT_FILE_0}\"\n";
			showEnvVarsInLog = 0;
		};
		4834AD5F5903829E17DBBA44 /* [CP] Embed Pods Frameworks */ = {
			isa = PBXShellScriptBuildPhase;
			buildActionMask = 2147483647;
			files = (
			);
			inputFileListPaths = (
				"${PODS_ROOT}/Target Support Files/Pods-Danggn/Pods-Danggn-frameworks-${CONFIGURATION}-input-files.xcfilelist",
			);
			name = "[CP] Embed Pods Frameworks";
			outputFileListPaths = (
				"${PODS_ROOT}/Target Support Files/Pods-Danggn/Pods-Danggn-frameworks-${CONFIGURATION}-output-files.xcfilelist",
			);
			runOnlyForDeploymentPostprocessing = 0;
			shellPath = /bin/sh;
			shellScript = "\"${PODS_ROOT}/Target Support Files/Pods-Danggn/Pods-Danggn-frameworks.sh\"\n";
			showEnvVarsInLog = 0;
		};
		4FE39DA82833D138002D99B6 /* SwiftLint */ = {
			isa = PBXShellScriptBuildPhase;
			buildActionMask = 2147483647;
			files = (
			);
			inputFileListPaths = (
			);
			inputPaths = (
			);
			name = SwiftLint;
			outputFileListPaths = (
			);
			outputPaths = (
			);
			runOnlyForDeploymentPostprocessing = 0;
			shellPath = /bin/sh;
			shellScript = "export PATH=\"$PATH:/opt/homebrew/bin\"\nif which swiftlint > /dev/null; then\n  swiftlint\nelse\n  echo \"warning: SwiftLint not installed, download from https://github.com/realm/SwiftLint\"\nfi\n";
		};
/* End PBXShellScriptBuildPhase section */

/* Begin PBXSourcesBuildPhase section */
		4FE39D8D2833D033002D99B6 /* Sources */ = {
			isa = PBXSourcesBuildPhase;
			buildActionMask = 2147483647;
			files = (
				E70333B62834727800ABF306 /* MyPlaceViewController.swift in Sources */,
				E7F53C79284070090078B8C2 /* FeedService.swift in Sources */,
				E70333C0283472C300ABF306 /* MyDanggnViewController.swift in Sources */,
				E7F53C7F2840F18C0078B8C2 /* ItemDetailViewController.swift in Sources */,
				E7F53C71284065C70078B8C2 /* APIConstants.swift in Sources */,
				E7F53C73284066FE0078B8C2 /* NetworkResults.swift in Sources */,
				E70333AD2834721900ABF306 /* NeighborhoodViewController.swift in Sources */,
				E70333BA2834728F00ABF306 /* ChatViewController.swift in Sources */,
				E70333C22834761800ABF306 /* TabBarController.swift in Sources */,
				E7F53C7628406DDC0078B8C2 /* FeedModel.swift in Sources */,
				E7F2375E283DDD7000177E7C /* ListItemCollectionViewCell.swift in Sources */,
				4FE39D952833D033002D99B6 /* AppDelegate.swift in Sources */,
				E7C2C1E2283F0B8C00C0CED1 /* ListDataModel.swift in Sources */,
				E70333942834687200ABF306 /* ListItemViewController.swift in Sources */,
				4FE39D972833D033002D99B6 /* SceneDelegate.swift in Sources */,
				E7EB78E8283660630094D855 /* UINavigationItem+Extension.swift in Sources */,
				E7EB78E528354EF80094D855 /* TabBarTemp.swift in Sources */,
			);
			runOnlyForDeploymentPostprocessing = 0;
		};
/* End PBXSourcesBuildPhase section */

/* Begin PBXVariantGroup section */
		4FE39D9F2833D035002D99B6 /* LaunchScreen.storyboard */ = {
			isa = PBXVariantGroup;
			children = (
				4FE39DA02833D035002D99B6 /* Base */,
			);
			name = LaunchScreen.storyboard;
			sourceTree = "<group>";
		};
/* End PBXVariantGroup section */

/* Begin XCBuildConfiguration section */
		4FE39DA32833D035002D99B6 /* Debug */ = {
			isa = XCBuildConfiguration;
			buildSettings = {
				ALWAYS_SEARCH_USER_PATHS = NO;
				CLANG_ANALYZER_NONNULL = YES;
				CLANG_ANALYZER_NUMBER_OBJECT_CONVERSION = YES_AGGRESSIVE;
				CLANG_CXX_LANGUAGE_STANDARD = "gnu++17";
				CLANG_ENABLE_MODULES = YES;
				CLANG_ENABLE_OBJC_ARC = YES;
				CLANG_ENABLE_OBJC_WEAK = YES;
				CLANG_WARN_BLOCK_CAPTURE_AUTORELEASING = YES;
				CLANG_WARN_BOOL_CONVERSION = YES;
				CLANG_WARN_COMMA = YES;
				CLANG_WARN_CONSTANT_CONVERSION = YES;
				CLANG_WARN_DEPRECATED_OBJC_IMPLEMENTATIONS = YES;
				CLANG_WARN_DIRECT_OBJC_ISA_USAGE = YES_ERROR;
				CLANG_WARN_DOCUMENTATION_COMMENTS = YES;
				CLANG_WARN_EMPTY_BODY = YES;
				CLANG_WARN_ENUM_CONVERSION = YES;
				CLANG_WARN_INFINITE_RECURSION = YES;
				CLANG_WARN_INT_CONVERSION = YES;
				CLANG_WARN_NON_LITERAL_NULL_CONVERSION = YES;
				CLANG_WARN_OBJC_IMPLICIT_RETAIN_SELF = YES;
				CLANG_WARN_OBJC_LITERAL_CONVERSION = YES;
				CLANG_WARN_OBJC_ROOT_CLASS = YES_ERROR;
				CLANG_WARN_QUOTED_INCLUDE_IN_FRAMEWORK_HEADER = YES;
				CLANG_WARN_RANGE_LOOP_ANALYSIS = YES;
				CLANG_WARN_STRICT_PROTOTYPES = YES;
				CLANG_WARN_SUSPICIOUS_MOVE = YES;
				CLANG_WARN_UNGUARDED_AVAILABILITY = YES_AGGRESSIVE;
				CLANG_WARN_UNREACHABLE_CODE = YES;
				CLANG_WARN__DUPLICATE_METHOD_MATCH = YES;
				COPY_PHASE_STRIP = NO;
				DEBUG_INFORMATION_FORMAT = dwarf;
				ENABLE_STRICT_OBJC_MSGSEND = YES;
				ENABLE_TESTABILITY = YES;
				GCC_C_LANGUAGE_STANDARD = gnu11;
				GCC_DYNAMIC_NO_PIC = NO;
				GCC_NO_COMMON_BLOCKS = YES;
				GCC_OPTIMIZATION_LEVEL = 0;
				GCC_PREPROCESSOR_DEFINITIONS = (
					"DEBUG=1",
					"$(inherited)",
				);
				GCC_WARN_64_TO_32_BIT_CONVERSION = YES;
				GCC_WARN_ABOUT_RETURN_TYPE = YES_ERROR;
				GCC_WARN_UNDECLARED_SELECTOR = YES;
				GCC_WARN_UNINITIALIZED_AUTOS = YES_AGGRESSIVE;
				GCC_WARN_UNUSED_FUNCTION = YES;
				GCC_WARN_UNUSED_VARIABLE = YES;
				IPHONEOS_DEPLOYMENT_TARGET = 15.4;
				MTL_ENABLE_DEBUG_INFO = INCLUDE_SOURCE;
				MTL_FAST_MATH = YES;
				ONLY_ACTIVE_ARCH = YES;
				SDKROOT = iphoneos;
				SWIFT_ACTIVE_COMPILATION_CONDITIONS = DEBUG;
				SWIFT_OPTIMIZATION_LEVEL = "-Onone";
			};
			name = Debug;
		};
		4FE39DA42833D035002D99B6 /* Release */ = {
			isa = XCBuildConfiguration;
			buildSettings = {
				ALWAYS_SEARCH_USER_PATHS = NO;
				CLANG_ANALYZER_NONNULL = YES;
				CLANG_ANALYZER_NUMBER_OBJECT_CONVERSION = YES_AGGRESSIVE;
				CLANG_CXX_LANGUAGE_STANDARD = "gnu++17";
				CLANG_ENABLE_MODULES = YES;
				CLANG_ENABLE_OBJC_ARC = YES;
				CLANG_ENABLE_OBJC_WEAK = YES;
				CLANG_WARN_BLOCK_CAPTURE_AUTORELEASING = YES;
				CLANG_WARN_BOOL_CONVERSION = YES;
				CLANG_WARN_COMMA = YES;
				CLANG_WARN_CONSTANT_CONVERSION = YES;
				CLANG_WARN_DEPRECATED_OBJC_IMPLEMENTATIONS = YES;
				CLANG_WARN_DIRECT_OBJC_ISA_USAGE = YES_ERROR;
				CLANG_WARN_DOCUMENTATION_COMMENTS = YES;
				CLANG_WARN_EMPTY_BODY = YES;
				CLANG_WARN_ENUM_CONVERSION = YES;
				CLANG_WARN_INFINITE_RECURSION = YES;
				CLANG_WARN_INT_CONVERSION = YES;
				CLANG_WARN_NON_LITERAL_NULL_CONVERSION = YES;
				CLANG_WARN_OBJC_IMPLICIT_RETAIN_SELF = YES;
				CLANG_WARN_OBJC_LITERAL_CONVERSION = YES;
				CLANG_WARN_OBJC_ROOT_CLASS = YES_ERROR;
				CLANG_WARN_QUOTED_INCLUDE_IN_FRAMEWORK_HEADER = YES;
				CLANG_WARN_RANGE_LOOP_ANALYSIS = YES;
				CLANG_WARN_STRICT_PROTOTYPES = YES;
				CLANG_WARN_SUSPICIOUS_MOVE = YES;
				CLANG_WARN_UNGUARDED_AVAILABILITY = YES_AGGRESSIVE;
				CLANG_WARN_UNREACHABLE_CODE = YES;
				CLANG_WARN__DUPLICATE_METHOD_MATCH = YES;
				COPY_PHASE_STRIP = NO;
				DEBUG_INFORMATION_FORMAT = "dwarf-with-dsym";
				ENABLE_NS_ASSERTIONS = NO;
				ENABLE_STRICT_OBJC_MSGSEND = YES;
				GCC_C_LANGUAGE_STANDARD = gnu11;
				GCC_NO_COMMON_BLOCKS = YES;
				GCC_WARN_64_TO_32_BIT_CONVERSION = YES;
				GCC_WARN_ABOUT_RETURN_TYPE = YES_ERROR;
				GCC_WARN_UNDECLARED_SELECTOR = YES;
				GCC_WARN_UNINITIALIZED_AUTOS = YES_AGGRESSIVE;
				GCC_WARN_UNUSED_FUNCTION = YES;
				GCC_WARN_UNUSED_VARIABLE = YES;
				IPHONEOS_DEPLOYMENT_TARGET = 15.4;
				MTL_ENABLE_DEBUG_INFO = NO;
				MTL_FAST_MATH = YES;
				SDKROOT = iphoneos;
				SWIFT_COMPILATION_MODE = wholemodule;
				SWIFT_OPTIMIZATION_LEVEL = "-O";
				VALIDATE_PRODUCT = YES;
			};
			name = Release;
		};
		4FE39DA62833D035002D99B6 /* Debug */ = {
			isa = XCBuildConfiguration;
			baseConfigurationReference = 289C9054B49733CA08C0D180 /* Pods-Danggn.debug.xcconfig */;
			buildSettings = {
				ASSETCATALOG_COMPILER_APPICON_NAME = AppIcon;
				ASSETCATALOG_COMPILER_GLOBAL_ACCENT_COLOR_NAME = AccentColor;
				CODE_SIGN_STYLE = Automatic;
				CURRENT_PROJECT_VERSION = 1;
				DEVELOPMENT_TEAM = AFS6YUQ2Y4;
				GENERATE_INFOPLIST_FILE = YES;
				INFOPLIST_FILE = Danggn/Info.plist;
				INFOPLIST_KEY_UIApplicationSupportsIndirectInputEvents = YES;
				INFOPLIST_KEY_UILaunchStoryboardName = LaunchScreen;
				INFOPLIST_KEY_UIMainStoryboardFile = TabBar;
				INFOPLIST_KEY_UISupportedInterfaceOrientations = "";
				INFOPLIST_KEY_UISupportedInterfaceOrientations_iPad = "UIInterfaceOrientationPortrait UIInterfaceOrientationPortraitUpsideDown UIInterfaceOrientationLandscapeLeft UIInterfaceOrientationLandscapeRight";
				INFOPLIST_KEY_UISupportedInterfaceOrientations_iPhone = "UIInterfaceOrientationPortrait UIInterfaceOrientationLandscapeLeft UIInterfaceOrientationLandscapeRight";
				LD_RUNPATH_SEARCH_PATHS = (
					"$(inherited)",
					"@executable_path/Frameworks",
				);
				MARKETING_VERSION = 1.0;
				PRODUCT_BUNDLE_IDENTIFIER = "org.io.sopt.16-1.danggn.Danggn";
				PRODUCT_NAME = "$(TARGET_NAME)";
				SWIFT_EMIT_LOC_STRINGS = YES;
				SWIFT_VERSION = 5.0;
				TARGETED_DEVICE_FAMILY = 1;
			};
			name = Debug;
		};
		4FE39DA72833D035002D99B6 /* Release */ = {
			isa = XCBuildConfiguration;
			baseConfigurationReference = 9C6E9950F0304BE712A546FB /* Pods-Danggn.release.xcconfig */;
			buildSettings = {
				ASSETCATALOG_COMPILER_APPICON_NAME = AppIcon;
				ASSETCATALOG_COMPILER_GLOBAL_ACCENT_COLOR_NAME = AccentColor;
				CODE_SIGN_STYLE = Automatic;
				CURRENT_PROJECT_VERSION = 1;
				DEVELOPMENT_TEAM = AFS6YUQ2Y4;
				GENERATE_INFOPLIST_FILE = YES;
				INFOPLIST_FILE = Danggn/Info.plist;
				INFOPLIST_KEY_UIApplicationSupportsIndirectInputEvents = YES;
				INFOPLIST_KEY_UILaunchStoryboardName = LaunchScreen;
				INFOPLIST_KEY_UIMainStoryboardFile = TabBar;
				INFOPLIST_KEY_UISupportedInterfaceOrientations = "";
				INFOPLIST_KEY_UISupportedInterfaceOrientations_iPad = "UIInterfaceOrientationPortrait UIInterfaceOrientationPortraitUpsideDown UIInterfaceOrientationLandscapeLeft UIInterfaceOrientationLandscapeRight";
				INFOPLIST_KEY_UISupportedInterfaceOrientations_iPhone = "UIInterfaceOrientationPortrait UIInterfaceOrientationLandscapeLeft UIInterfaceOrientationLandscapeRight";
				LD_RUNPATH_SEARCH_PATHS = (
					"$(inherited)",
					"@executable_path/Frameworks",
				);
				MARKETING_VERSION = 1.0;
				PRODUCT_BUNDLE_IDENTIFIER = "org.io.sopt.16-1.danggn.Danggn";
				PRODUCT_NAME = "$(TARGET_NAME)";
				SWIFT_EMIT_LOC_STRINGS = YES;
				SWIFT_VERSION = 5.0;
				TARGETED_DEVICE_FAMILY = 1;
			};
			name = Release;
		};
/* End XCBuildConfiguration section */

/* Begin XCConfigurationList section */
		4FE39D8C2833D033002D99B6 /* Build configuration list for PBXProject "Danggn" */ = {
			isa = XCConfigurationList;
			buildConfigurations = (
				4FE39DA32833D035002D99B6 /* Debug */,
				4FE39DA42833D035002D99B6 /* Release */,
			);
			defaultConfigurationIsVisible = 0;
			defaultConfigurationName = Release;
		};
		4FE39DA52833D035002D99B6 /* Build configuration list for PBXNativeTarget "Danggn" */ = {
			isa = XCConfigurationList;
			buildConfigurations = (
				4FE39DA62833D035002D99B6 /* Debug */,
				4FE39DA72833D035002D99B6 /* Release */,
			);
			defaultConfigurationIsVisible = 0;
			defaultConfigurationName = Release;
		};
/* End XCConfigurationList section */
	};
	rootObject = 4FE39D892833D033002D99B6 /* Project object */;
}
